// !$*UTF8*$!
{
	archiveVersion = 1;
	classes = {
	};
	objectVersion = 55;
	objects = {

/* Begin PBXBuildFile section */
		75E83F14F7F74D5E04B77831 /* Pods_messagingApp.framework in Frameworks */ = {isa = PBXBuildFile; fileRef = 20BE61C59539A66462E5EAEA /* Pods_messagingApp.framework */; };
		DD294AC228358B2E007CF275 /* ChatroomsViewModel.swift in Sources */ = {isa = PBXBuildFile; fileRef = DD294AC128358B2E007CF275 /* ChatroomsViewModel.swift */; };
		DD2C158828380DD800DD6F48 /* Join.swift in Sources */ = {isa = PBXBuildFile; fileRef = DD2C158728380DD800DD6F48 /* Join.swift */; };
		DD2C158A283811AA00DD6F48 /* MessagesViewModel.swift in Sources */ = {isa = PBXBuildFile; fileRef = DD2C1589283811AA00DD6F48 /* MessagesViewModel.swift */; };
		DD2C158C2838155D00DD6F48 /* Messages.swift in Sources */ = {isa = PBXBuildFile; fileRef = DD2C158B2838155D00DD6F48 /* Messages.swift */; };
		DD4845B028341D5300BE960E /* SessionStore.swift in Sources */ = {isa = PBXBuildFile; fileRef = DD4845AF28341D5300BE960E /* SessionStore.swift */; };
		DD4845B32834204500BE960E /* ChatList.swift in Sources */ = {isa = PBXBuildFile; fileRef = DD4845B22834204500BE960E /* ChatList.swift */; };
		DD4845B52834206000BE960E /* Login.swift in Sources */ = {isa = PBXBuildFile; fileRef = DD4845B42834206000BE960E /* Login.swift */; };
		DD8C03DC2835699200FC5D85 /* GoogleService-Info.plist in Resources */ = {isa = PBXBuildFile; fileRef = DD59A3AD2835688E00870865 /* GoogleService-Info.plist */; };
		DDBFAB09283DC6C100A1020F /* feef.swift in Sources */ = {isa = PBXBuildFile; fileRef = DDBFAB08283DC6C100A1020F /* feef.swift */; };
		DDCA14CD282EC56400DA7111 /* messagingAppApp.swift in Sources */ = {isa = PBXBuildFile; fileRef = DDCA14CC282EC56400DA7111 /* messagingAppApp.swift */; };
		DDCA14CF282EC56400DA7111 /* ContentView.swift in Sources */ = {isa = PBXBuildFile; fileRef = DDCA14CE282EC56400DA7111 /* ContentView.swift */; };
		DDCA14D1282EC56700DA7111 /* Assets.xcassets in Resources */ = {isa = PBXBuildFile; fileRef = DDCA14D0282EC56700DA7111 /* Assets.xcassets */; };
		DDCA14D4282EC56800DA7111 /* Preview Assets.xcassets in Resources */ = {isa = PBXBuildFile; fileRef = DDCA14D3282EC56800DA7111 /* Preview Assets.xcassets */; };
/* End PBXBuildFile section */

/* Begin PBXFileReference section */
		08A8F08B6A91A79F569C56DD /* Pods-messagingApp.debug.xcconfig */ = {isa = PBXFileReference; includeInIndex = 1; lastKnownFileType = text.xcconfig; name = "Pods-messagingApp.debug.xcconfig"; path = "Target Support Files/Pods-messagingApp/Pods-messagingApp.debug.xcconfig"; sourceTree = "<group>"; };
		20BE61C59539A66462E5EAEA /* Pods_messagingApp.framework */ = {isa = PBXFileReference; explicitFileType = wrapper.framework; includeInIndex = 0; path = Pods_messagingApp.framework; sourceTree = BUILT_PRODUCTS_DIR; };
		6FA61B69250209DD292C8688 /* Pods-messagingApp.release.xcconfig */ = {isa = PBXFileReference; includeInIndex = 1; lastKnownFileType = text.xcconfig; name = "Pods-messagingApp.release.xcconfig"; path = "Target Support Files/Pods-messagingApp/Pods-messagingApp.release.xcconfig"; sourceTree = "<group>"; };
		DD294AC128358B2E007CF275 /* ChatroomsViewModel.swift */ = {isa = PBXFileReference; lastKnownFileType = sourcecode.swift; path = ChatroomsViewModel.swift; sourceTree = "<group>"; };
		DD2C158728380DD800DD6F48 /* Join.swift */ = {isa = PBXFileReference; lastKnownFileType = sourcecode.swift; path = Join.swift; sourceTree = "<group>"; };
		DD2C1589283811AA00DD6F48 /* MessagesViewModel.swift */ = {isa = PBXFileReference; lastKnownFileType = sourcecode.swift; path = MessagesViewModel.swift; sourceTree = "<group>"; };
		DD2C158B2838155D00DD6F48 /* Messages.swift */ = {isa = PBXFileReference; lastKnownFileType = sourcecode.swift; path = Messages.swift; sourceTree = "<group>"; };
		DD4845AF28341D5300BE960E /* SessionStore.swift */ = {isa = PBXFileReference; lastKnownFileType = sourcecode.swift; path = SessionStore.swift; sourceTree = "<group>"; };
		DD4845B22834204500BE960E /* ChatList.swift */ = {isa = PBXFileReference; lastKnownFileType = sourcecode.swift; path = ChatList.swift; sourceTree = "<group>"; };
		DD4845B42834206000BE960E /* Login.swift */ = {isa = PBXFileReference; lastKnownFileType = sourcecode.swift; path = Login.swift; sourceTree = "<group>"; };
		DD59A3AD2835688E00870865 /* GoogleService-Info.plist */ = {isa = PBXFileReference; fileEncoding = 4; lastKnownFileType = text.plist.xml; name = "GoogleService-Info.plist"; path = "../../../Downloads/GoogleService-Info.plist"; sourceTree = "<group>"; };
		DDBFAB08283DC6C100A1020F /* feef.swift */ = {isa = PBXFileReference; lastKnownFileType = sourcecode.swift; path = feef.swift; sourceTree = "<group>"; };
		DDCA14C9282EC56400DA7111 /* messagingApp.app */ = {isa = PBXFileReference; explicitFileType = wrapper.application; includeInIndex = 0; path = messagingApp.app; sourceTree = BUILT_PRODUCTS_DIR; };
		DDCA14CC282EC56400DA7111 /* messagingAppApp.swift */ = {isa = PBXFileReference; lastKnownFileType = sourcecode.swift; path = messagingAppApp.swift; sourceTree = "<group>"; };
		DDCA14CE282EC56400DA7111 /* ContentView.swift */ = {isa = PBXFileReference; lastKnownFileType = sourcecode.swift; path = ContentView.swift; sourceTree = "<group>"; };
		DDCA14D0282EC56700DA7111 /* Assets.xcassets */ = {isa = PBXFileReference; lastKnownFileType = folder.assetcatalog; path = Assets.xcassets; sourceTree = "<group>"; };
		DDCA14D3282EC56800DA7111 /* Preview Assets.xcassets */ = {isa = PBXFileReference; lastKnownFileType = folder.assetcatalog; path = "Preview Assets.xcassets"; sourceTree = "<group>"; };
/* End PBXFileReference section */

/* Begin PBXFrameworksBuildPhase section */
		DDCA14C6282EC56400DA7111 /* Frameworks */ = {
			isa = PBXFrameworksBuildPhase;
			buildActionMask = 2147483647;
			files = (
				75E83F14F7F74D5E04B77831 /* Pods_messagingApp.framework in Frameworks */,
			);
			runOnlyForDeploymentPostprocessing = 0;
		};
/* End PBXFrameworksBuildPhase section */

/* Begin PBXGroup section */
		49A04B9B4FEAFDF8ACA35AA7 /* Pods */ = {
			isa = PBXGroup;
			children = (
				08A8F08B6A91A79F569C56DD /* Pods-messagingApp.debug.xcconfig */,
				6FA61B69250209DD292C8688 /* Pods-messagingApp.release.xcconfig */,
			);
			path = Pods;
			sourceTree = "<group>";
		};
		CAE939018B38215FB76B2419 /* Frameworks */ = {
			isa = PBXGroup;
			children = (
				20BE61C59539A66462E5EAEA /* Pods_messagingApp.framework */,
			);
			name = Frameworks;
			sourceTree = "<group>";
		};
		DD4845AE28341D3F00BE960E /* utils */ = {
			isa = PBXGroup;
			children = (
				DD4845AF28341D5300BE960E /* SessionStore.swift */,
				DD294AC128358B2E007CF275 /* ChatroomsViewModel.swift */,
				DD2C1589283811AA00DD6F48 /* MessagesViewModel.swift */,
			);
			path = utils;
			sourceTree = "<group>";
		};
		DD4845B12834202D00BE960E /* screens */ = {
			isa = PBXGroup;
			children = (
				DD4845B22834204500BE960E /* ChatList.swift */,
				DD4845B42834206000BE960E /* Login.swift */,
				DD2C158728380DD800DD6F48 /* Join.swift */,
				DD2C158B2838155D00DD6F48 /* Messages.swift */,
				DDBFAB08283DC6C100A1020F /* feef.swift */,
			);
			path = screens;
			sourceTree = "<group>";
		};
		DDCA14C0282EC56300DA7111 = {
			isa = PBXGroup;
			children = (
				DDCA14CB282EC56400DA7111 /* messagingApp */,
				DDCA14CA282EC56400DA7111 /* Products */,
				49A04B9B4FEAFDF8ACA35AA7 /* Pods */,
				CAE939018B38215FB76B2419 /* Frameworks */,
			);
			sourceTree = "<group>";
		};
		DDCA14CA282EC56400DA7111 /* Products */ = {
			isa = PBXGroup;
			children = (
				DDCA14C9282EC56400DA7111 /* messagingApp.app */,
			);
			name = Products;
			sourceTree = "<group>";
		};
		DDCA14CB282EC56400DA7111 /* messagingApp */ = {
			isa = PBXGroup;
			children = (
				DD4845B12834202D00BE960E /* screens */,
				DD4845AE28341D3F00BE960E /* utils */,
				DD59A3AD2835688E00870865 /* GoogleService-Info.plist */,
				DDCA14CC282EC56400DA7111 /* messagingAppApp.swift */,
				DDCA14CE282EC56400DA7111 /* ContentView.swift */,
				DDCA14D0282EC56700DA7111 /* Assets.xcassets */,
				DDCA14D2282EC56800DA7111 /* Preview Content */,
			);
			path = messagingApp;
			sourceTree = "<group>";
		};
		DDCA14D2282EC56800DA7111 /* Preview Content */ = {
			isa = PBXGroup;
			children = (
				DDCA14D3282EC56800DA7111 /* Preview Assets.xcassets */,
			);
			path = "Preview Content";
			sourceTree = "<group>";
		};
/* End PBXGroup section */

/* Begin PBXNativeTarget section */
		DDCA14C8282EC56400DA7111 /* messagingApp */ = {
			isa = PBXNativeTarget;
			buildConfigurationList = DDCA14D7282EC56800DA7111 /* Build configuration list for PBXNativeTarget "messagingApp" */;
			buildPhases = (
				E7700214C9D9AF19F176949C /* [CP] Check Pods Manifest.lock */,
				DDCA14C5282EC56400DA7111 /* Sources */,
				DDCA14C6282EC56400DA7111 /* Frameworks */,
				DDCA14C7282EC56400DA7111 /* Resources */,
				B24E1EE5F97092C5EC64D84C /* [CP] Embed Pods Frameworks */,
			);
			buildRules = (
			);
			dependencies = (
			);
			name = messagingApp;
			productName = messagingApp;
			productReference = DDCA14C9282EC56400DA7111 /* messagingApp.app */;
			productType = "com.apple.product-type.application";
		};
/* End PBXNativeTarget section */

/* Begin PBXProject section */
		DDCA14C1282EC56300DA7111 /* Project object */ = {
			isa = PBXProject;
			attributes = {
				BuildIndependentTargetsInParallel = 1;
				LastSwiftUpdateCheck = 1330;
				LastUpgradeCheck = 1330;
				TargetAttributes = {
					DDCA14C8282EC56400DA7111 = {
						CreatedOnToolsVersion = 13.3;
					};
				};
			};
			buildConfigurationList = DDCA14C4282EC56300DA7111 /* Build configuration list for PBXProject "messagingApp" */;
			compatibilityVersion = "Xcode 13.0";
			developmentRegion = en;
			hasScannedForEncodings = 0;
			knownRegions = (
				en,
				Base,
			);
			mainGroup = DDCA14C0282EC56300DA7111;
			productRefGroup = DDCA14CA282EC56400DA7111 /* Products */;
			projectDirPath = "";
			projectRoot = "";
			targets = (
				DDCA14C8282EC56400DA7111 /* messagingApp */,
			);
		};
/* End PBXProject section */

/* Begin PBXResourcesBuildPhase section */
		DDCA14C7282EC56400DA7111 /* Resources */ = {
			isa = PBXResourcesBuildPhase;
			buildActionMask = 2147483647;
			files = (
				DD8C03DC2835699200FC5D85 /* GoogleService-Info.plist in Resources */,
				DDCA14D4282EC56800DA7111 /* Preview Assets.xcassets in Resources */,
				DDCA14D1282EC56700DA7111 /* Assets.xcassets in Resources */,
			);
			runOnlyForDeploymentPostprocessing = 0;
		};
/* End PBXResourcesBuildPhase section */

/* Begin PBXShellScriptBuildPhase section */
		B24E1EE5F97092C5EC64D84C /* [CP] Embed Pods Frameworks */ = {
			isa = PBXShellScriptBuildPhase;
			buildActionMask = 2147483647;
			files = (
			);
			inputFileListPaths = (
				"${PODS_ROOT}/Target Support Files/Pods-messagingApp/Pods-messagingApp-frameworks-${CONFIGURATION}-input-files.xcfilelist",
			);
			name = "[CP] Embed Pods Frameworks";
			outputFileListPaths = (
				"${PODS_ROOT}/Target Support Files/Pods-messagingApp/Pods-messagingApp-frameworks-${CONFIGURATION}-output-files.xcfilelist",
			);
			runOnlyForDeploymentPostprocessing = 0;
			shellPath = /bin/sh;
			shellScript = "\"${PODS_ROOT}/Target Support Files/Pods-messagingApp/Pods-messagingApp-frameworks.sh\"\n";
			showEnvVarsInLog = 0;
		};
		E7700214C9D9AF19F176949C /* [CP] Check Pods Manifest.lock */ = {
			isa = PBXShellScriptBuildPhase;
			buildActionMask = 2147483647;
			files = (
			);
			inputFileListPaths = (
			);
			inputPaths = (
				"${PODS_PODFILE_DIR_PATH}/Podfile.lock",
				"${PODS_ROOT}/Manifest.lock",
			);
			name = "[CP] Check Pods Manifest.lock";
			outputFileListPaths = (
			);
			outputPaths = (
				"$(DERIVED_FILE_DIR)/Pods-messagingApp-checkManifestLockResult.txt",
			);
			runOnlyForDeploymentPostprocessing = 0;
			shellPath = /bin/sh;
			shellScript = "diff \"${PODS_PODFILE_DIR_PATH}/Podfile.lock\" \"${PODS_ROOT}/Manifest.lock\" > /dev/null\nif [ $? != 0 ] ; then\n    # print error to STDERR\n    echo \"error: The sandbox is not in sync with the Podfile.lock. Run 'pod install' or update your CocoaPods installation.\" >&2\n    exit 1\nfi\n# This output is used by Xcode 'outputs' to avoid re-running this script phase.\necho \"SUCCESS\" > \"${SCRIPT_OUTPUT_FILE_0}\"\n";
			showEnvVarsInLog = 0;
		};
/* End PBXShellScriptBuildPhase section */

/* Begin PBXSourcesBuildPhase section */
		DDCA14C5282EC56400DA7111 /* Sources */ = {
			isa = PBXSourcesBuildPhase;
			buildActionMask = 2147483647;
			files = (
				DDCA14CF282EC56400DA7111 /* ContentView.swift in Sources */,
				DD2C158C2838155D00DD6F48 /* Messages.swift in Sources */,
				DD4845B52834206000BE960E /* Login.swift in Sources */,
				DDBFAB09283DC6C100A1020F /* feef.swift in Sources */,
				DD2C158828380DD800DD6F48 /* Join.swift in Sources */,
				DD4845B32834204500BE960E /* ChatList.swift in Sources */,
				DDCA14CD282EC56400DA7111 /* messagingAppApp.swift in Sources */,
				DD4845B028341D5300BE960E /* SessionStore.swift in Sources */,
				DD2C158A283811AA00DD6F48 /* MessagesViewModel.swift in Sources */,
				DD294AC228358B2E007CF275 /* ChatroomsViewModel.swift in Sources */,
			);
			runOnlyForDeploymentPostprocessing = 0;
		};
/* End PBXSourcesBuildPhase section */

/* Begin XCBuildConfiguration section */
		DDCA14D5282EC56800DA7111 /* Debug */ = {
			isa = XCBuildConfiguration;
			buildSettings = {
				ALWAYS_SEARCH_USER_PATHS = NO;
				CLANG_ANALYZER_NONNULL = YES;
				CLANG_ANALYZER_NUMBER_OBJECT_CONVERSION = YES_AGGRESSIVE;
				CLANG_CXX_LANGUAGE_STANDARD = "gnu++17";
				CLANG_ENABLE_MODULES = YES;
				CLANG_ENABLE_OBJC_ARC = YES;
				CLANG_ENABLE_OBJC_WEAK = YES;
				CLANG_WARN_BLOCK_CAPTURE_AUTORELEASING = YES;
				CLANG_WARN_BOOL_CONVERSION = YES;
				CLANG_WARN_COMMA = YES;
				CLANG_WARN_CONSTANT_CONVERSION = YES;
				CLANG_WARN_DEPRECATED_OBJC_IMPLEMENTATIONS = YES;
				CLANG_WARN_DIRECT_OBJC_ISA_USAGE = YES_ERROR;
				CLANG_WARN_DOCUMENTATION_COMMENTS = YES;
				CLANG_WARN_EMPTY_BODY = YES;
				CLANG_WARN_ENUM_CONVERSION = YES;
				CLANG_WARN_INFINITE_RECURSION = YES;
				CLANG_WARN_INT_CONVERSION = YES;
				CLANG_WARN_NON_LITERAL_NULL_CONVERSION = YES;
				CLANG_WARN_OBJC_IMPLICIT_RETAIN_SELF = YES;
				CLANG_WARN_OBJC_LITERAL_CONVERSION = YES;
				CLANG_WARN_OBJC_ROOT_CLASS = YES_ERROR;
				CLANG_WARN_QUOTED_INCLUDE_IN_FRAMEWORK_HEADER = YES;
				CLANG_WARN_RANGE_LOOP_ANALYSIS = YES;
				CLANG_WARN_STRICT_PROTOTYPES = YES;
				CLANG_WARN_SUSPICIOUS_MOVE = YES;
				CLANG_WARN_UNGUARDED_AVAILABILITY = YES_AGGRESSIVE;
				CLANG_WARN_UNREACHABLE_CODE = YES;
				CLANG_WARN__DUPLICATE_METHOD_MATCH = YES;
				COPY_PHASE_STRIP = NO;
				DEBUG_INFORMATION_FORMAT = dwarf;
				ENABLE_STRICT_OBJC_MSGSEND = YES;
				ENABLE_TESTABILITY = YES;
				GCC_C_LANGUAGE_STANDARD = gnu11;
				GCC_DYNAMIC_NO_PIC = NO;
				GCC_NO_COMMON_BLOCKS = YES;
				GCC_OPTIMIZATION_LEVEL = 0;
				GCC_PREPROCESSOR_DEFINITIONS = (
					"DEBUG=1",
					"$(inherited)",
				);
				GCC_WARN_64_TO_32_BIT_CONVERSION = YES;
				GCC_WARN_ABOUT_RETURN_TYPE = YES_ERROR;
				GCC_WARN_UNDECLARED_SELECTOR = YES;
				GCC_WARN_UNINITIALIZED_AUTOS = YES_AGGRESSIVE;
				GCC_WARN_UNUSED_FUNCTION = YES;
				GCC_WARN_UNUSED_VARIABLE = YES;
				IPHONEOS_DEPLOYMENT_TARGET = 15.4;
				MTL_ENABLE_DEBUG_INFO = INCLUDE_SOURCE;
				MTL_FAST_MATH = YES;
				ONLY_ACTIVE_ARCH = YES;
				SDKROOT = iphoneos;
				SWIFT_ACTIVE_COMPILATION_CONDITIONS = DEBUG;
				SWIFT_OPTIMIZATION_LEVEL = "-Onone";
			};
			name = Debug;
		};
		DDCA14D6282EC56800DA7111 /* Release */ = {
			isa = XCBuildConfiguration;
			buildSettings = {
				ALWAYS_SEARCH_USER_PATHS = NO;
				CLANG_ANALYZER_NONNULL = YES;
				CLANG_ANALYZER_NUMBER_OBJECT_CONVERSION = YES_AGGRESSIVE;
				CLANG_CXX_LANGUAGE_STANDARD = "gnu++17";
				CLANG_ENABLE_MODULES = YES;
				CLANG_ENABLE_OBJC_ARC = YES;
				CLANG_ENABLE_OBJC_WEAK = YES;
				CLANG_WARN_BLOCK_CAPTURE_AUTORELEASING = YES;
				CLANG_WARN_BOOL_CONVERSION = YES;
				CLANG_WARN_COMMA = YES;
				CLANG_WARN_CONSTANT_CONVERSION = YES;
				CLANG_WARN_DEPRECATED_OBJC_IMPLEMENTATIONS = YES;
				CLANG_WARN_DIRECT_OBJC_ISA_USAGE = YES_ERROR;
				CLANG_WARN_DOCUMENTATION_COMMENTS = YES;
				CLANG_WARN_EMPTY_BODY = YES;
				CLANG_WARN_ENUM_CONVERSION = YES;
				CLANG_WARN_INFINITE_RECURSION = YES;
				CLANG_WARN_INT_CONVERSION = YES;
				CLANG_WARN_NON_LITERAL_NULL_CONVERSION = YES;
				CLANG_WARN_OBJC_IMPLICIT_RETAIN_SELF = YES;
				CLANG_WARN_OBJC_LITERAL_CONVERSION = YES;
				CLANG_WARN_OBJC_ROOT_CLASS = YES_ERROR;
				CLANG_WARN_QUOTED_INCLUDE_IN_FRAMEWORK_HEADER = YES;
				CLANG_WARN_RANGE_LOOP_ANALYSIS = YES;
				CLANG_WARN_STRICT_PROTOTYPES = YES;
				CLANG_WARN_SUSPICIOUS_MOVE = YES;
				CLANG_WARN_UNGUARDED_AVAILABILITY = YES_AGGRESSIVE;
				CLANG_WARN_UNREACHABLE_CODE = YES;
				CLANG_WARN__DUPLICATE_METHOD_MATCH = YES;
				COPY_PHASE_STRIP = NO;
				DEBUG_INFORMATION_FORMAT = "dwarf-with-dsym";
				ENABLE_NS_ASSERTIONS = NO;
				ENABLE_STRICT_OBJC_MSGSEND = YES;
				GCC_C_LANGUAGE_STANDARD = gnu11;
				GCC_NO_COMMON_BLOCKS = YES;
				GCC_WARN_64_TO_32_BIT_CONVERSION = YES;
				GCC_WARN_ABOUT_RETURN_TYPE = YES_ERROR;
				GCC_WARN_UNDECLARED_SELECTOR = YES;
				GCC_WARN_UNINITIALIZED_AUTOS = YES_AGGRESSIVE;
				GCC_WARN_UNUSED_FUNCTION = YES;
				GCC_WARN_UNUSED_VARIABLE = YES;
				IPHONEOS_DEPLOYMENT_TARGET = 15.4;
				MTL_ENABLE_DEBUG_INFO = NO;
				MTL_FAST_MATH = YES;
				SDKROOT = iphoneos;
				SWIFT_COMPILATION_MODE = wholemodule;
				SWIFT_OPTIMIZATION_LEVEL = "-O";
				VALIDATE_PRODUCT = YES;
			};
			name = Release;
		};
		DDCA14D8282EC56800DA7111 /* Debug */ = {
			isa = XCBuildConfiguration;
			baseConfigurationReference = 08A8F08B6A91A79F569C56DD /* Pods-messagingApp.debug.xcconfig */;
			buildSettings = {
				ASSETCATALOG_COMPILER_APPICON_NAME = AppIcon;
				ASSETCATALOG_COMPILER_GLOBAL_ACCENT_COLOR_NAME = AccentColor;
				CODE_SIGN_STYLE = Automatic;
				CURRENT_PROJECT_VERSION = 1;
				DEVELOPMENT_ASSET_PATHS = "\"messagingApp/Preview Content\"";
				DEVELOPMENT_TEAM = 883DK65VTV;
				ENABLE_PREVIEWS = YES;
				GENERATE_INFOPLIST_FILE = YES;
				INFOPLIST_KEY_UIApplicationSceneManifest_Generation = YES;
				INFOPLIST_KEY_UIApplicationSupportsIndirectInputEvents = YES;
				INFOPLIST_KEY_UILaunchScreen_Generation = YES;
				INFOPLIST_KEY_UISupportedInterfaceOrientations_iPad = "UIInterfaceOrientationPortrait UIInterfaceOrientationPortraitUpsideDown UIInterfaceOrientationLandscapeLeft UIInterfaceOrientationLandscapeRight";
				INFOPLIST_KEY_UISupportedInterfaceOrientations_iPhone = "UIInterfaceOrientationPortrait UIInterfaceOrientationLandscapeLeft UIInterfaceOrientationLandscapeRight";
				LD_RUNPATH_SEARCH_PATHS = (
					"$(inherited)",
					"@executable_path/Frameworks",
				);
				MARKETING_VERSION = 1.0;
				PRODUCT_BUNDLE_IDENTIFIER = ephs2022.shades;
				PRODUCT_NAME = messagingApp;
				SWIFT_EMIT_LOC_STRINGS = YES;
				SWIFT_VERSION = 5.0;
				TARGETED_DEVICE_FAMILY = "1,2";
			};
			name = Debug;
		};
		DDCA14D9282EC56800DA7111 /* Release */ = {
			isa = XCBuildConfiguration;
			baseConfigurationReference = 6FA61B69250209DD292C8688 /* Pods-messagingApp.release.xcconfig */;
			buildSettings = {
				ASSETCATALOG_COMPILER_APPICON_NAME = AppIcon;
				ASSETCATALOG_COMPILER_GLOBAL_ACCENT_COLOR_NAME = AccentColor;
				CODE_SIGN_STYLE = Automatic;
				CURRENT_PROJECT_VERSION = 1;
				DEVELOPMENT_ASSET_PATHS = "\"messagingApp/Preview Content\"";
				DEVELOPMENT_TEAM = 883DK65VTV;
				ENABLE_PREVIEWS = YES;
				GENERATE_INFOPLIST_FILE = YES;
				INFOPLIST_KEY_UIApplicationSceneManifest_Generation = YES;
				INFOPLIST_KEY_UIApplicationSupportsIndirectInputEvents = YES;
				INFOPLIST_KEY_UILaunchScreen_Generation = YES;
				INFOPLIST_KEY_UISupportedInterfaceOrientations_iPad = "UIInterfaceOrientationPortrait UIInterfaceOrientationPortraitUpsideDown UIInterfaceOrientationLandscapeLeft UIInterfaceOrientationLandscapeRight";
				INFOPLIST_KEY_UISupportedInterfaceOrientations_iPhone = "UIInterfaceOrientationPortrait UIInterfaceOrientationLandscapeLeft UIInterfaceOrientationLandscapeRight";
				LD_RUNPATH_SEARCH_PATHS = (
					"$(inherited)",
					"@executable_path/Frameworks",
				);
				MARKETING_VERSION = 1.0;
				PRODUCT_BUNDLE_IDENTIFIER = ephs2022.shades;
				PRODUCT_NAME = messagingApp;
				SWIFT_EMIT_LOC_STRINGS = YES;
				SWIFT_VERSION = 5.0;
				TARGETED_DEVICE_FAMILY = "1,2";
			};
			name = Release;
		};
/* End XCBuildConfiguration section */

/* Begin XCConfigurationList section */
		DDCA14C4282EC56300DA7111 /* Build configuration list for PBXProject "messagingApp" */ = {
			isa = XCConfigurationList;
			buildConfigurations = (
				DDCA14D5282EC56800DA7111 /* Debug */,
				DDCA14D6282EC56800DA7111 /* Release */,
			);
			defaultConfigurationIsVisible = 0;
			defaultConfigurationName = Release;
		};
		DDCA14D7282EC56800DA7111 /* Build configuration list for PBXNativeTarget "messagingApp" */ = {
			isa = XCConfigurationList;
			buildConfigurations = (
				DDCA14D8282EC56800DA7111 /* Debug */,
				DDCA14D9282EC56800DA7111 /* Release */,
			);
			defaultConfigurationIsVisible = 0;
			defaultConfigurationName = Release;
		};
/* End XCConfigurationList section */
	};
	rootObject = DDCA14C1282EC56300DA7111 /* Project object */;
}
